
Microsoft Visual Studio Solution File, Format Version 12.00
# Visual Studio 15
VisualStudioVersion = 15.0.26730.16
MinimumVisualStudioVersion = 10.0.40219.1
Project("{8BC9CEB8-8B4A-11D0-8D11-00A0C91BC942}") = "LSP", "LSP\LSP.vcxproj", "{F594C8F3-92EB-4ABE-9BB2-596D5D58476F}"
EndProject
Global
	GlobalSection(SolutionConfigurationPlatforms) = preSolution
		Debug|x64 = Debug|x64
		Debug|x86 = Debug|x86
		Release|x64 = Release|x64
		Release|x86 = Release|x86
	EndGlobalSection
	GlobalSection(ProjectConfigurationPlatforms) = postSolution
		{F594C8F3-92EB-4ABE-9BB2-596D5D58476F}.Debug|x64.ActiveCfg = Debug|x64
		{F594C8F3-92EB-4ABE-9BB2-596D5D58476F}.Debug|x64.Build.0 = Debug|x64
		{F594C8F3-92EB-4ABE-9BB2-596D5D58476F}.Debug|x86.ActiveCfg = Debug|Win32
		{F594C8F3-92EB-4ABE-9BB2-596D5D58476F}.Debug|x86.Build.0 = Debug|Win32
		{F594C8F3-92EB-4ABE-9BB2-596D5D58476F}.Release|x64.ActiveCfg = Release|x64
		{F594C8F3-92EB-4ABE-9BB2-596D5D58476F}.Release|x64.Build.0 = Release|x64
		{F594C8F3-92EB-4ABE-9BB2-596D5D58476F}.Release|x86.ActiveCfg = Release|Win32
		{F594C8F3-92EB-4ABE-9BB2-596D5D58476F}.Release|x86.Build.0 = Release|Win32
	EndGlobalSection
	GlobalSection(SolutionProperties) = preSolution
		HideSolutionNode = FALSE
	EndGlobalSection
	GlobalSection(ExtensibilityGlobals) = postSolution
		SolutionGuid = {A1A3B7CC-1739-4D3A-835B-01F2DA512EDE}
	EndGlobalSection
EndGlobal
